{
  "name": "openfeature-posthog",
  "version": "1.0.0",
  "lockfileVersion": 3,
  "requires": true,
  "packages": {
    "": {
      "name": "openfeature-posthog",
      "version": "1.0.0",
      "license": "ISC",
      "devDependencies": {
        "@tapico/node-openfeature": "file:..",
        "@types/node": "^20.12.7",
        "typescript": "5.5.2"
      }
    },
    "..": {
      "name": "@tapico/node-openfeature-posthog",
      "version": "1.1.4",
      "dev": true,
      "license": "MIT",
      "dependencies": {
        "@openfeature/core": "^1.1.0",
        "@openfeature/server-sdk": "^1.13.4",
        "@opentelemetry/api": "^1.8.0",
        "posthog-node": "^4.0.0"
      },
      "devDependencies": {
        "@opentelemetry/api": "^1.8.0",
        "@types/jest": "^29.5.12",
        "@typescript-eslint/eslint-plugin": "^7.6.0",
        "@typescript-eslint/parser": "^7.6.0",
        "eslint": "9.5.0",
        "eslint-config-prettier": "^9.1.0",
        "jest": "^29.7.0",
        "jest-junit": "^16.0.0",
        "jest-serializer-path": "^0.1.15",
        "prettier": "^3.2.5",
        "ts-jest": "^29.1.2",
        "tsup": "^8.0.2",
        "typescript": "^5.4.5"
      },
      "engines": {
        "node": ">=20.12.0"
      },
      "peerDependencies": {
        "@opentelemetry/api": "^1.8.0"
      }
    },
    "node_modules/@tapico/node-openfeature": {
      "resolved": "..",
      "link": true
    },
    "node_modules/@types/node": {
      "version": "20.14.9",
      "resolved": "https://registry.npmjs.org/@types/node/-/node-20.14.9.tgz",
      "integrity": "sha512-06OCtnTXtWOZBJlRApleWndH4JsRVs1pDCc8dLSQp+7PpUpX3ePdHyeNSFTeSe7FtKyQkrlPvHwJOW3SLd8Oyg==",
      "dev": true,
      "license": "MIT",
      "dependencies": {
        "undici-types": "~5.26.4"
      }
    },
    "node_modules/typescript": {
      "version": "5.5.2",
      "resolved": "https://registry.npmjs.org/typescript/-/typescript-5.5.2.tgz",
      "integrity": "sha512-NcRtPEOsPFFWjobJEtfihkLCZCXZt/os3zf8nTxjVH3RvTSxjrCamJpbExGvYOF+tFHc3pA65qpdwPbzjohhew==",
      "dev": true,
      "license": "Apache-2.0",
      "bin": {
        "tsc": "bin/tsc",
        "tsserver": "bin/tsserver"
      },
      "engines": {
        "node": ">=14.17"
      }
    },
    "node_modules/undici-types": {
      "version": "5.26.5",
      "resolved": "https://registry.npmjs.org/undici-types/-/undici-types-5.26.5.tgz",
      "integrity": "sha512-JlCMO+ehdEIKqlFxk6IfVoAUVmgz7cU7zD/h9XZ0qzeosSHmUJVOzSQvvYSYWXkFXC+IfLKSIffhv0sVZup6pA==",
      "dev": true
    }
  }
}
