{
  "name": "openfeature-posthog",
  "version": "1.0.0",
  "lockfileVersion": 2,
  "requires": true,
  "packages": {
    "": {
      "name": "openfeature-posthog",
      "version": "1.0.0",
      "license": "ISC",
      "devDependencies": {
        "@tapico/node-openfeature": "file:..",
        "typescript": "4.7.3"
      }
    },
    "..": {
      "version": "1.0.0",
      "dev": true,
      "license": "unlicensed",
      "dependencies": {
        "@openfeature/nodejs-sdk": "0.0.1-alpha.11",
        "@opentelemetry/api": ">=1.1.0",
        "@opentelemetry/api-metrics": ">=0.29.2",
        "posthog-node": "^1.3.0",
        "undici": "^5.5.1"
      },
      "devDependencies": {
        "@types/jest": "^28.1.1",
        "eslint": "^8.17.0",
        "jest-junit": "^13.2.0",
        "jest-serializer-path": "^0.1.15",
        "prettier": "^2.7.0",
        "ts-jest": "^28.0.5",
        "tsup": "^6.1.2",
        "typescript": "^4.7.3"
      },
      "engines": {
        "node": ">=14.16"
      },
      "peerDependencies": {
        "@opentelemetry/api": ">=1.0.0",
        "@opentelemetry/api-metrics": ">=0.29.0"
      }
    },
    "node_modules/@tapico/node-openfeature": {
      "resolved": "..",
      "link": true
    },
    "node_modules/typescript": {
      "version": "4.7.3",
      "resolved": "https://registry.npmjs.org/typescript/-/typescript-4.7.3.tgz",
      "integrity": "sha512-WOkT3XYvrpXx4vMMqlD+8R8R37fZkjyLGlxavMc4iB8lrl8L0DeTcHbYgw/v0N/z9wAFsgBhcsF0ruoySS22mA==",
      "dev": true,
      "bin": {
        "tsc": "bin/tsc",
        "tsserver": "bin/tsserver"
      },
      "engines": {
        "node": ">=4.2.0"
      }
    }
  },
  "dependencies": {
    "@tapico/node-openfeature": {
      "version": "file:..",
      "requires": {
        "@openfeature/nodejs-sdk": "0.0.1-alpha.11",
        "@opentelemetry/api": ">=1.1.0",
        "@opentelemetry/api-metrics": ">=0.29.2",
        "@types/jest": "^28.1.1",
        "eslint": "^8.17.0",
        "jest-junit": "^13.2.0",
        "jest-serializer-path": "^0.1.15",
        "posthog-node": "^1.3.0",
        "prettier": "^2.7.0",
        "ts-jest": "^28.0.5",
        "tsup": "^6.1.2",
        "typescript": "^4.7.3",
        "undici": "^5.5.1"
      }
    },
    "typescript": {
      "version": "4.7.3",
      "resolved": "https://registry.npmjs.org/typescript/-/typescript-4.7.3.tgz",
      "integrity": "sha512-WOkT3XYvrpXx4vMMqlD+8R8R37fZkjyLGlxavMc4iB8lrl8L0DeTcHbYgw/v0N/z9wAFsgBhcsF0ruoySS22mA==",
      "dev": true
    }
  }
}
